# This file is automatically @generated by Cargo.
# It is not intended for manual editing.
version = 4

[[package]]
name = "cc"
version = "1.2.23"
source = "registry+https://github.com/rust-lang/crates.io-index"
checksum = "5f4ac86a9e5bc1e2b3449ab9d7d3a6a405e3d1bb28d7b9be8614f55846ae3766"
dependencies = [
 "shlex",
]

[[package]]
name = "gl"
version = "0.14.0"
source = "registry+https://github.com/rust-lang/crates.io-index"
checksum = "a94edab108827d67608095e269cf862e60d920f144a5026d3dbcfd8b877fb404"
dependencies = [
 "gl_generator",
]

[[package]]
name = "gl_generator"
version = "0.14.0"
source = "registry+https://github.com/rust-lang/crates.io-index"
checksum = "1a95dfc23a2b4a9a2f5ab41d194f8bfda3cabec42af4e39f08c339eb2a0c124d"
dependencies = [
 "khronos_api",
 "log",
 "xml-rs",
]

[[package]]
name = "glh"
version = "0.1.3"
dependencies = [
 "gl",
 "stb_image",
]

[[package]]
name = "khronos_api"
version = "3.1.0"
source = "registry+https://github.com/rust-lang/crates.io-index"
checksum = "e2db585e1d738fc771bf08a151420d3ed193d9d895a36df7f6f8a9456b911ddc"

[[package]]
name = "libc"
version = "0.2.172"
source = "registry+https://github.com/rust-lang/crates.io-index"
checksum = "d750af042f7ef4f724306de029d18836c26c1765a54a6a3f094cbd23a7267ffa"

[[package]]
name = "log"
version = "0.4.27"
source = "registry+https://github.com/rust-lang/crates.io-index"
checksum = "13dc2df351e3202783a1fe0d44375f7295ffb4049267b0f3018346dc122a1d94"

[[package]]
name = "shlex"
version = "1.3.0"
source = "registry+https://github.com/rust-lang/crates.io-index"
checksum = "0fda2ff0d084019ba4d7c6f371c95d8fd75ce3524c3cb8fb653a3023f6323e64"

[[package]]
name = "stb_image"
version = "0.3.0"
source = "registry+https://github.com/rust-lang/crates.io-index"
checksum = "bfdaa89eb7dd3362e4abb16c4a8acf04786755882b38ff00714f2f1de0f4fcd3"
dependencies = [
 "cc",
 "libc",
]

[[package]]
name = "xml-rs"
version = "0.8.26"
source = "registry+https://github.com/rust-lang/crates.io-index"
checksum = "a62ce76d9b56901b19a74f19431b0d8b3bc7ca4ad685a746dfd78ca8f4fc6bda"
